{
  "object": {
    "pins": [
      {
        "package": "Alamofire",
        "repositoryURL": "https://github.com/Alamofire/Alamofire",
        "state": {
          "branch": null,
          "revision": "354dda32d89fc8cd4f5c46487f64957d355f53d8",
          "version": "5.6.1"
        }
      },
      {
        "package": "BottomSheet",
        "repositoryURL": "https://github.com/joomcode/BottomSheet",
        "state": {
          "branch": "main",
          "revision": "9e58dcdc6ca3fa84d65a4152403eb9c73f8971c4",
          "version": null
        }
      },
      {
        "package": "InputMask",
        "repositoryURL": "https://github.com/RedMadRobot/input-mask-ios",
        "state": {
          "branch": null,
          "revision": "40e33ad9fb8cef671f8c4f667f6c0a0043abcbb3",
          "version": "6.1.0"
        }
      },
      {
        "package": "Kingfisher",
        "repositoryURL": "https://github.com/onevcat/Kingfisher",
        "state": {
          "branch": null,
          "revision": "1a7b5480eb750a8e171654b9b1cb0a2cbeb27a55",
          "version": "7.2.1"
        }
      },
      {
        "package": "SnapKit",
        "repositoryURL": "https://github.com/SnapKit/SnapKit",
        "state": {
          "branch": null,
          "revision": "f222cbdf325885926566172f6f5f06af95473158",
          "version": "5.6.0"
        }
      }
    ]
  },
  "version": 1
}
